
Microsoft Visual Studio Solution File, Format Version 12.00
# Visual Studio Version 17
VisualStudioVersion = 17.6.33723.286
MinimumVisualStudioVersion = 10.0.40219.1
Project("{FAE04EC0-301F-11D3-BF4B-00C04F79EFBC}") = "AsyncAwaitDemo2", "AsyncAwaitDemo2.csproj", "{A7291272-CB8C-4AD0-A4DD-004DBB390BFE}"
EndProject
Global
	GlobalSection(SolutionConfigurationPlatforms) = preSolution
		Debug|Any CPU = Debug|Any CPU
		Release|Any CPU = Release|Any CPU
	EndGlobalSection
	GlobalSection(ProjectConfigurationPlatforms) = postSolution
		{A7291272-CB8C-4AD0-A4DD-004DBB390BFE}.Debug|Any CPU.ActiveCfg = Debug|Any CPU
		{A7291272-CB8C-4AD0-A4DD-004DBB390BFE}.Debug|Any CPU.Build.0 = Debug|Any CPU
		{A7291272-CB8C-4AD0-A4DD-004DBB390BFE}.Release|Any CPU.ActiveCfg = Release|Any CPU
		{A7291272-CB8C-4AD0-A4DD-004DBB390BFE}.Release|Any CPU.Build.0 = Release|Any CPU
	EndGlobalSection
	GlobalSection(SolutionProperties) = preSolution
		HideSolutionNode = FALSE
	EndGlobalSection
	GlobalSection(ExtensibilityGlobals) = postSolution
		SolutionGuid = {7F07D3CD-AEC0-48FC-A584-35F3C5636314}
	EndGlobalSection
EndGlobal
